
Microsoft Visual Studio Solution File, Format Version 12.00
Project("{FAE04EC0-301F-11D3-BF4B-00C04F79EFBC}") = "API", "API\API.csproj", "{C04DA9DA-64C0-4581-8FA0-3D04292BC935}"
EndProject
Project("{2150E333-8FDC-42A3-9474-1A3956D46DE8}") = "src", "src", "{AEFF6497-228C-4A7B-9216-97A0495C8E01}"
EndProject
Project("{FAE04EC0-301F-11D3-BF4B-00C04F79EFBC}") = "UI", "UI\UI.csproj", "{C302D9C2-C074-4CCB-B1BD-0006942F238D}"
EndProject
Project("{FAE04EC0-301F-11D3-BF4B-00C04F79EFBC}") = "Domain", "Domain\Domain.csproj", "{D35D486F-8C9F-43A5-BAB0-98B13E3048CA}"
EndProject
Project("{FAE04EC0-301F-11D3-BF4B-00C04F79EFBC}") = "Application", "Application\Application.csproj", "{9D1A8213-D0A3-4987-A67D-7F09C05B7598}"
EndProject
Project("{FAE04EC0-301F-11D3-BF4B-00C04F79EFBC}") = "Infrastructure", "Infrastructure\Infrastructure.csproj", "{D0C7FBCB-720A-4BFE-BD83-1413C4440D5D}"
EndProject
Global
	GlobalSection(SolutionConfigurationPlatforms) = preSolution
		Debug|Any CPU = Debug|Any CPU
		Release|Any CPU = Release|Any CPU
	EndGlobalSection
	GlobalSection(ProjectConfigurationPlatforms) = postSolution
		{C04DA9DA-64C0-4581-8FA0-3D04292BC935}.Debug|Any CPU.ActiveCfg = Debug|Any CPU
		{C04DA9DA-64C0-4581-8FA0-3D04292BC935}.Debug|Any CPU.Build.0 = Debug|Any CPU
		{C04DA9DA-64C0-4581-8FA0-3D04292BC935}.Release|Any CPU.ActiveCfg = Release|Any CPU
		{C04DA9DA-64C0-4581-8FA0-3D04292BC935}.Release|Any CPU.Build.0 = Release|Any CPU
		{C302D9C2-C074-4CCB-B1BD-0006942F238D}.Debug|Any CPU.ActiveCfg = Debug|Any CPU
		{C302D9C2-C074-4CCB-B1BD-0006942F238D}.Debug|Any CPU.Build.0 = Debug|Any CPU
		{C302D9C2-C074-4CCB-B1BD-0006942F238D}.Release|Any CPU.ActiveCfg = Release|Any CPU
		{C302D9C2-C074-4CCB-B1BD-0006942F238D}.Release|Any CPU.Build.0 = Release|Any CPU
		{D35D486F-8C9F-43A5-BAB0-98B13E3048CA}.Debug|Any CPU.ActiveCfg = Debug|Any CPU
		{D35D486F-8C9F-43A5-BAB0-98B13E3048CA}.Debug|Any CPU.Build.0 = Debug|Any CPU
		{D35D486F-8C9F-43A5-BAB0-98B13E3048CA}.Release|Any CPU.ActiveCfg = Release|Any CPU
		{D35D486F-8C9F-43A5-BAB0-98B13E3048CA}.Release|Any CPU.Build.0 = Release|Any CPU
		{9D1A8213-D0A3-4987-A67D-7F09C05B7598}.Debug|Any CPU.ActiveCfg = Debug|Any CPU
		{9D1A8213-D0A3-4987-A67D-7F09C05B7598}.Debug|Any CPU.Build.0 = Debug|Any CPU
		{9D1A8213-D0A3-4987-A67D-7F09C05B7598}.Release|Any CPU.ActiveCfg = Release|Any CPU
		{9D1A8213-D0A3-4987-A67D-7F09C05B7598}.Release|Any CPU.Build.0 = Release|Any CPU
		{D0C7FBCB-720A-4BFE-BD83-1413C4440D5D}.Debug|Any CPU.ActiveCfg = Debug|Any CPU
		{D0C7FBCB-720A-4BFE-BD83-1413C4440D5D}.Debug|Any CPU.Build.0 = Debug|Any CPU
		{D0C7FBCB-720A-4BFE-BD83-1413C4440D5D}.Release|Any CPU.ActiveCfg = Release|Any CPU
		{D0C7FBCB-720A-4BFE-BD83-1413C4440D5D}.Release|Any CPU.Build.0 = Release|Any CPU
	EndGlobalSection
	GlobalSection(NestedProjects) = preSolution
		{C04DA9DA-64C0-4581-8FA0-3D04292BC935} = {AEFF6497-228C-4A7B-9216-97A0495C8E01}
		{C302D9C2-C074-4CCB-B1BD-0006942F238D} = {AEFF6497-228C-4A7B-9216-97A0495C8E01}
		{D35D486F-8C9F-43A5-BAB0-98B13E3048CA} = {AEFF6497-228C-4A7B-9216-97A0495C8E01}
		{9D1A8213-D0A3-4987-A67D-7F09C05B7598} = {AEFF6497-228C-4A7B-9216-97A0495C8E01}
		{D0C7FBCB-720A-4BFE-BD83-1413C4440D5D} = {AEFF6497-228C-4A7B-9216-97A0495C8E01}
	EndGlobalSection
EndGlobal
